
Microsoft Visual Studio Solution File, Format Version 12.00
# Visual Studio Version 17
VisualStudioVersion = 17.9.34616.47
MinimumVisualStudioVersion = 10.0.40219.1
Project("{FAE04EC0-301F-11D3-BF4B-00C04F79EFBC}") = "StudentManagement.ConsoleApp", "StudentManagement.ConsoleApp\StudentManagement.ConsoleApp.csproj", "{9F7833AD-B6A0-4C83-893F-122DC0A27AF0}"
EndProject
Project("{FAE04EC0-301F-11D3-BF4B-00C04F79EFBC}") = "Accounts", "Accounts\Accounts.csproj", "{906B29A8-BE6E-43A0-9D07-255754029932}"
EndProject
Project("{FAE04EC0-301F-11D3-BF4B-00C04F79EFBC}") = "StudentDatabase", "StudentDatabase\StudentDatabase.csproj", "{0AC842CE-A5B2-4A39-A979-50F455068D9E}"
EndProject
Project("{2150E333-8FDC-42A3-9474-1A3956D46DE8}") = "StudentManagement.ConsoleApplication", "StudentManagement.ConsoleApplication", "{6DC92B31-2012-4FC1-94A7-1E0235FC4347}"
EndProject
Global
	GlobalSection(SolutionConfigurationPlatforms) = preSolution
		Debug|Any CPU = Debug|Any CPU
		Release|Any CPU = Release|Any CPU
	EndGlobalSection
	GlobalSection(ProjectConfigurationPlatforms) = postSolution
		{9F7833AD-B6A0-4C83-893F-122DC0A27AF0}.Debug|Any CPU.ActiveCfg = Debug|Any CPU
		{9F7833AD-B6A0-4C83-893F-122DC0A27AF0}.Debug|Any CPU.Build.0 = Debug|Any CPU
		{9F7833AD-B6A0-4C83-893F-122DC0A27AF0}.Release|Any CPU.ActiveCfg = Release|Any CPU
		{9F7833AD-B6A0-4C83-893F-122DC0A27AF0}.Release|Any CPU.Build.0 = Release|Any CPU
		{906B29A8-BE6E-43A0-9D07-255754029932}.Debug|Any CPU.ActiveCfg = Debug|Any CPU
		{906B29A8-BE6E-43A0-9D07-255754029932}.Debug|Any CPU.Build.0 = Debug|Any CPU
		{906B29A8-BE6E-43A0-9D07-255754029932}.Release|Any CPU.ActiveCfg = Release|Any CPU
		{906B29A8-BE6E-43A0-9D07-255754029932}.Release|Any CPU.Build.0 = Release|Any CPU
		{0AC842CE-A5B2-4A39-A979-50F455068D9E}.Debug|Any CPU.ActiveCfg = Debug|Any CPU
		{0AC842CE-A5B2-4A39-A979-50F455068D9E}.Debug|Any CPU.Build.0 = Debug|Any CPU
		{0AC842CE-A5B2-4A39-A979-50F455068D9E}.Release|Any CPU.ActiveCfg = Release|Any CPU
		{0AC842CE-A5B2-4A39-A979-50F455068D9E}.Release|Any CPU.Build.0 = Release|Any CPU
	EndGlobalSection
	GlobalSection(SolutionProperties) = preSolution
		HideSolutionNode = FALSE
	EndGlobalSection
	GlobalSection(NestedProjects) = preSolution
		{9F7833AD-B6A0-4C83-893F-122DC0A27AF0} = {6DC92B31-2012-4FC1-94A7-1E0235FC4347}
		{906B29A8-BE6E-43A0-9D07-255754029932} = {6DC92B31-2012-4FC1-94A7-1E0235FC4347}
		{0AC842CE-A5B2-4A39-A979-50F455068D9E} = {6DC92B31-2012-4FC1-94A7-1E0235FC4347}
	EndGlobalSection
	GlobalSection(ExtensibilityGlobals) = postSolution
		SolutionGuid = {7EBD9155-9064-4DF5-9A35-74794B50E005}
	EndGlobalSection
EndGlobal
